{
  "name": "self",
  "lockfileVersion": 3,
  "requires": true,
  "packages": {
    "": {
      "dependencies": {
        "xero": "^0.0.8"
      }
    },
    "node_modules/easyxml": {
      "version": "1.0.0",
      "resolved": "https://registry.npmjs.org/easyxml/-/easyxml-1.0.0.tgz",
      "integrity": "sha512-SNoYOOK4BgmE8e6UuDKyMVRiiaBvmmn6m8rlJaVEnUshFJKxkuPpBA0kyJ3NaxSCnFW2QRSjVEBTD2HGB2ejnw==",
      "dependencies": {
        "elementtree": "^0.1.6",
        "inflect": "^0.3.0"
      },
      "engines": {
        "node": ">= 0.8"
      }
    },
    "node_modules/elementtree": {
      "version": "0.1.7",
      "resolved": "https://registry.npmjs.org/elementtree/-/elementtree-0.1.7.tgz",
      "integrity": "sha512-wkgGT6kugeQk/P6VZ/f4T+4HB41BVgNBq5CDIZVbQ02nvTVqAiVTbskxxu3eA/X96lMlfYOwnLQpN2v5E1zDEg==",
      "dependencies": {
        "sax": "1.1.4"
      },
      "engines": {
        "node": ">= 0.4.0"
      }
    },
    "node_modules/inflect": {
      "version": "0.3.0",
      "resolved": "https://registry.npmjs.org/inflect/-/inflect-0.3.0.tgz",
      "integrity": "sha512-ziAYvtAaDgJYlpdAKr9vsSzBmPTUYPFRj/8L7n9SfaDIXzf+/F07T3bIXQUaYqls+I/aE2DBKBrxcQ7BKZ6iCA==",
      "engines": {
        "node": ">=0.4"
      }
    },
    "node_modules/oauth": {
      "version": "0.9.12",
      "resolved": "https://registry.npmjs.org/oauth/-/oauth-0.9.12.tgz",
      "integrity": "sha512-mnIPDuG384kvfHyNx8F7e7DElOM9Sr1+7Xp1PCGQwbXCDNROcS+ixP3s0SWWFn9qlo0S3Ap5wyVX+Z8up1bPgg=="
    },
    "node_modules/sax": {
      "version": "1.1.4",
      "resolved": "https://registry.npmjs.org/sax/-/sax-1.1.4.tgz",
      "integrity": "sha512-5f3k2PbGGp+YtKJjOItpg3P99IMD84E4HOvcfleTb5joCHNXYLsR9yWFPOYGgaeMPDubQILTCMdsFb2OMeOjtg=="
    },
    "node_modules/xero": {
      "version": "0.0.8",
      "resolved": "https://registry.npmjs.org/xero/-/xero-0.0.8.tgz",
      "integrity": "sha512-FCl1qogxjXzjSidtIVk2EAc9dRwXVXUQGjcZqpM6cTbgeOXdr98XL2WcpNmB+PbyXfoE2k7W8fXjOkv22pNgJw==",
      "dependencies": {
        "easyxml": "1.0.0",
        "inflect": "0.3.0",
        "oauth": "0.9.12",
        "xml2js": "0.4.4"
      }
    },
    "node_modules/xml2js": {
      "version": "0.4.4",
      "resolved": "https://registry.npmjs.org/xml2js/-/xml2js-0.4.4.tgz",
      "integrity": "sha512-9ERdxLOo4EazMDHAS/vsuZiTXIMur6ydcRfzGrFVJ4qM78zD3ohUgPJC7NYpGwd5rnS0ufSydMJClh6jyH+V0w==",
      "dependencies": {
        "sax": "0.6.x",
        "xmlbuilder": ">=1.0.0"
      }
    },
    "node_modules/xml2js/node_modules/sax": {
      "version": "0.6.1",
      "resolved": "https://registry.npmjs.org/sax/-/sax-0.6.1.tgz",
      "integrity": "sha512-8ip+qnRh7m8OEyvoM1JoSBzlrepp3ajVR8nqgrfTig+TewfyvTijl0am8/anFqgbcdz62ofEUKE1hHNDCdbeSQ=="
    },
    "node_modules/xmlbuilder": {
      "version": "15.1.1",
      "resolved": "https://registry.npmjs.org/xmlbuilder/-/xmlbuilder-15.1.1.tgz",
      "integrity": "sha512-yMqGBqtXyeN1e3TGYvgNgDVZ3j84W4cwkOXQswghol6APgZWaff9lnbvN7MHYJOiXsvGPXtjTYJEiC9J2wv9Eg==",
      "engines": {
        "node": ">=8.0"
      }
    }
  }
}
